
Microsoft Visual Studio Solution File, Format Version 12.00
# Visual Studio Version 17
VisualStudioVersion = 17.13.35825.156 d17.13
MinimumVisualStudioVersion = 10.0.40219.1
Project("{FAE04EC0-301F-11D3-BF4B-00C04F79EFBC}") = "Floatdatatype", "Floatdatatype.csproj", "{DF45C89F-17B6-41A8-ACD2-DD9F9C678E1A}"
EndProject
Global
	GlobalSection(SolutionConfigurationPlatforms) = preSolution
		Debug|Any CPU = Debug|Any CPU
		Release|Any CPU = Release|Any CPU
	EndGlobalSection
	GlobalSection(ProjectConfigurationPlatforms) = postSolution
		{DF45C89F-17B6-41A8-ACD2-DD9F9C678E1A}.Debug|Any CPU.ActiveCfg = Debug|Any CPU
		{DF45C89F-17B6-41A8-ACD2-DD9F9C678E1A}.Debug|Any CPU.Build.0 = Debug|Any CPU
		{DF45C89F-17B6-41A8-ACD2-DD9F9C678E1A}.Release|Any CPU.ActiveCfg = Release|Any CPU
		{DF45C89F-17B6-41A8-ACD2-DD9F9C678E1A}.Release|Any CPU.Build.0 = Release|Any CPU
	EndGlobalSection
	GlobalSection(SolutionProperties) = preSolution
		HideSolutionNode = FALSE
	EndGlobalSection
	GlobalSection(ExtensibilityGlobals) = postSolution
		SolutionGuid = {8A2517C9-148C-4835-807C-D5A8EC99D50F}
	EndGlobalSection
EndGlobal
