
Microsoft Visual Studio Solution File, Format Version 12.00
# Visual Studio Version 17
VisualStudioVersion = 17.13.35825.156 d17.13
MinimumVisualStudioVersion = 10.0.40219.1
Project("{FAE04EC0-301F-11D3-BF4B-00C04F79EFBC}") = "BoxingAndUnboxing", "BoxingAndUnboxing.csproj", "{19EDE6D8-2C3D-403A-87A6-E2CB168E0DF4}"
EndProject
Global
	GlobalSection(SolutionConfigurationPlatforms) = preSolution
		Debug|Any CPU = Debug|Any CPU
		Release|Any CPU = Release|Any CPU
	EndGlobalSection
	GlobalSection(ProjectConfigurationPlatforms) = postSolution
		{19EDE6D8-2C3D-403A-87A6-E2CB168E0DF4}.Debug|Any CPU.ActiveCfg = Debug|Any CPU
		{19EDE6D8-2C3D-403A-87A6-E2CB168E0DF4}.Debug|Any CPU.Build.0 = Debug|Any CPU
		{19EDE6D8-2C3D-403A-87A6-E2CB168E0DF4}.Release|Any CPU.ActiveCfg = Release|Any CPU
		{19EDE6D8-2C3D-403A-87A6-E2CB168E0DF4}.Release|Any CPU.Build.0 = Release|Any CPU
	EndGlobalSection
	GlobalSection(SolutionProperties) = preSolution
		HideSolutionNode = FALSE
	EndGlobalSection
	GlobalSection(ExtensibilityGlobals) = postSolution
		SolutionGuid = {95EA9BC5-1F3A-459B-B079-69C48C59DCFB}
	EndGlobalSection
EndGlobal
