
Microsoft Visual Studio Solution File, Format Version 12.00
# Visual Studio Version 17
VisualStudioVersion = 17.13.35825.156 d17.13
MinimumVisualStudioVersion = 10.0.40219.1
Project("{FAE04EC0-301F-11D3-BF4B-00C04F79EFBC}") = "Datatypes", "Datatypes.csproj", "{37871050-202B-4EA2-874B-25945819471C}"
EndProject
Global
	GlobalSection(SolutionConfigurationPlatforms) = preSolution
		Debug|Any CPU = Debug|Any CPU
		Release|Any CPU = Release|Any CPU
	EndGlobalSection
	GlobalSection(ProjectConfigurationPlatforms) = postSolution
		{37871050-202B-4EA2-874B-25945819471C}.Debug|Any CPU.ActiveCfg = Debug|Any CPU
		{37871050-202B-4EA2-874B-25945819471C}.Debug|Any CPU.Build.0 = Debug|Any CPU
		{37871050-202B-4EA2-874B-25945819471C}.Release|Any CPU.ActiveCfg = Release|Any CPU
		{37871050-202B-4EA2-874B-25945819471C}.Release|Any CPU.Build.0 = Release|Any CPU
	EndGlobalSection
	GlobalSection(SolutionProperties) = preSolution
		HideSolutionNode = FALSE
	EndGlobalSection
	GlobalSection(ExtensibilityGlobals) = postSolution
		SolutionGuid = {E237DC1F-3ECF-4688-925A-7BC3E14F1510}
	EndGlobalSection
EndGlobal
